{
  "version": 4,
  "terraform_version": "1.5.7",
  "serial": 53,
  "lineage": "b707385f-a937-28d5-aba3-4604b26c3366",
  "outputs": {
    "azure_services_policy": {
      "value": "azure-services",
      "type": "string"
    },
    "azure_services_role": {
      "value": "azure-services",
      "type": "string"
    },
    "azure_services_secret_path": {
      "value": "kv/azure-services",
      "type": "string"
    },
    "kubernetes_auth_path": {
      "value": "kubernetes",
      "type": "string"
    },
    "kv_mount_path": {
      "value": "kv",
      "type": "string"
    },
    "vault_address": {
      "value": "http://127.0.0.1:8200",
      "type": "string"
    },
    "vault_log_file": {
      "value": "/tmp/vault-dev.log",
      "type": "string"
    },
    "vault_root_token": {
      "value": "root",
      "type": "string",
      "sensitive": true
    }
  },
  "resources": [
    {
      "mode": "data",
      "type": "external",
      "name": "k8s_vault_config",
      "provider": "provider[\"registry.terraform.io/hashicorp/external\"]",
      "instances": [
        {
          "schema_version": 0,
          "attributes": {
            "id": "-",
            "program": [
              "python3",
              "./scripts/get-k8s-config.py",
              "aks-lab"
            ],
            "query": null,
            "result": {
              "ca_cert": "-----BEGIN CERTIFICATE-----\nMIIDBjCCAe6gAwIBAgIBATANBgkqhkiG9w0BAQsFADAVMRMwEQYDVQQDEwptaW5p\na3ViZUNBMB4XDTI1MDkxMjExMDU0NFoXDTM1MDkxMTExMDU0NFowFTETMBEGA1UE\nAxMKbWluaWt1YmVDQTCCASIwDQYJKoZIhvcNAQEBBQADggEPADCCAQoCggEBAMc6\n3tYjE8Hmo9Q6nNjrHSl3tCNQ7JKyRArlx7ivxB78l9HFKVY8x0Rmno/n6oQkRD6o\n/Id6CcdMM7ejS/Wmfcr4Sc66sD37sBbhxn7o+CHPneBsMgXc1KpTP/oBosOynW6W\nvXgiP8YM9aF/dsvZ3Nr+Qvj/ktMEmWc7j61CwSjhckjSu4xccfaIBlz2aDCsR42r\na/gVIy7DsgeVzjFpMxl6Zo5qhDSA7D0yEu7rR4ztmf25K9mfi1qhsspYBd/dMlMj\n8te5gn70CPoTaSI3T3cqcP6X1kJEojkCA5k+94BLJ8y/Ay3eIvArvan6yYteaD0A\nSAY4UiA+XJii/kro3uUCAwEAAaNhMF8wDgYDVR0PAQH/BAQDAgKkMB0GA1UdJQQW\nMBQGCCsGAQUFBwMCBggrBgEFBQcDATAPBgNVHRMBAf8EBTADAQH/MB0GA1UdDgQW\nBBTxCRFkSCn4xRG91ACixswxsJb/LjANBgkqhkiG9w0BAQsFAAOCAQEAfKBT6GkI\nL41KQPbnlomh7AWHRxa4Wtjq4xxRchmiRNRJWvaoIBAoVz1svY4Stq1Oh0Mb+GXY\nXwmq1EUGm5+28GRaU+YcVTJKbFVob3hCsQZVhH+IjJTd+NSTTGnGkVsE5r7r/LDn\ncGeiMMqiRgL8sabY7UuLlioRDuiY3dG56Hs9/PVhpkkRLevBn1iBJh07dPgkZkte\nMErOjLDLAFUxwe6r1pk9w7PpxocZ550PwDywovcuqt0FDsIv9/PXhxSPfX/X8CXr\nliBTzR8yaTkJTBi9UM6NyKrWnXFAGYjFym6xOyEJqUZedq2CvvUh7IE/Rrvv2vNG\nAA08pmrjoibcnA==\n-----END CERTIFICATE-----\n",
              "token": "eyJhbGciOiJSUzI1NiIsImtpZCI6ImZPUDV4YTNOcDVzb2RmMXZ5bGFmamFfcElqaXQ2anlRODFtZ1cycGdRNEkifQ.eyJpc3MiOiJrdWJlcm5ldGVzL3NlcnZpY2VhY2NvdW50Iiwia3ViZXJuZXRlcy5pby9zZXJ2aWNlYWNjb3VudC9uYW1lc3BhY2UiOiJrdWJlLXN5c3RlbSIsImt1YmVybmV0ZXMuaW8vc2VydmljZWFjY291bnQvc2VjcmV0Lm5hbWUiOiJ2YXVsdC1yZXZpZXdlci10b2tlbiIsImt1YmVybmV0ZXMuaW8vc2VydmljZWFjY291bnQvc2VydmljZS1hY2NvdW50Lm5hbWUiOiJ2YXVsdC1yZXZpZXdlciIsImt1YmVybmV0ZXMuaW8vc2VydmljZWFjY291bnQvc2VydmljZS1hY2NvdW50LnVpZCI6IjQ1OTVhNzU4LTM3MTAtNDdjYS05NjQwLTFiMTY1ZTY5MDI5ZCIsInN1YiI6InN5c3RlbTpzZXJ2aWNlYWNjb3VudDprdWJlLXN5c3RlbTp2YXVsdC1yZXZpZXdlciJ9.cEfhZhOAfSmGvKQwqPVPz4LFZMRKgxuat7myCgssNv0O6ymHXjIpwzKX9o0Rpby8HoDEL2OtYHO9yae--NFZ8PGeuP-LJcetRGhgzbHZKQVD6GlVWQJV5Sw0rn03UeTwKKOAKGUxMtapszUYfs3YKa67xvN0M0FWq9G5TlUndEMh0mxdFWAp4F0_MZ_r7McOpiaBtO8xFA2s1PZHVKPDJ_gsp7_HjBW8HpFWGBstAVCWduPpAxcr5iEnFin0SNbyp7ApEGyDtJGnhC421DNZ60Fc_ea1FGKcwP9mxFp3ED3qVpoWV3uR8o_YBbCYYNPGTdE_ymlCf_PeSbpntnrCSQ"
            },
            "working_dir": null
          },
          "sensitive_attributes": []
        }
      ]
    },
    {
      "mode": "managed",
      "type": "null_resource",
      "name": "k8s_vault_reviewer",
      "provider": "provider[\"registry.terraform.io/hashicorp/null\"]",
      "instances": [
        {
          "schema_version": 0,
          "attributes": {
            "id": "7794941410242635206",
            "triggers": {
              "minikube_profile": "aks-lab"
            }
          },
          "sensitive_attributes": [],
          "dependencies": [
            "null_resource.vault_health_check"
          ]
        }
      ]
    },
    {
      "mode": "managed",
      "type": "null_resource",
      "name": "vault_dev_server",
      "provider": "provider[\"registry.terraform.io/hashicorp/null\"]",
      "instances": [
        {
          "schema_version": 0,
          "attributes": {
            "id": "2130990670606474055",
            "triggers": {
              "root_token": "root",
              "vault_address": "http://127.0.0.1:8200"
            }
          },
          "sensitive_attributes": [
            [
              {
                "type": "get_attr",
                "value": "triggers"
              },
              {
                "type": "index",
                "value": {
                  "value": "root_token",
                  "type": "string"
                }
              }
            ]
          ]
        }
      ]
    },
    {
      "mode": "managed",
      "type": "null_resource",
      "name": "vault_health_check",
      "provider": "provider[\"registry.terraform.io/hashicorp/null\"]",
      "instances": [
        {
          "schema_version": 0,
          "attributes": {
            "id": "6209960116741117685",
            "triggers": {
              "vault_address": "http://127.0.0.1:8200"
            }
          },
          "sensitive_attributes": [],
          "dependencies": [
            "null_resource.vault_dev_server",
            "time_sleep.vault_bind_wait"
          ]
        }
      ]
    },
    {
      "mode": "managed",
      "type": "time_sleep",
      "name": "vault_bind_wait",
      "provider": "provider[\"registry.terraform.io/hashicorp/time\"]",
      "instances": [
        {
          "schema_version": 0,
          "attributes": {
            "create_duration": "3s",
            "destroy_duration": null,
            "id": "2026-05-15T07:52:44Z",
            "triggers": null
          },
          "sensitive_attributes": [],
          "dependencies": [
            "null_resource.vault_dev_server"
          ]
        }
      ]
    },
    {
      "mode": "managed",
      "type": "vault_auth_backend",
      "name": "kubernetes",
      "provider": "provider[\"registry.terraform.io/hashicorp/vault\"]",
      "instances": [
        {
          "schema_version": 1,
          "attributes": {
            "accessor": "auth_kubernetes_7b7659d2",
            "description": "Pod auth via service account tokens — equivalent to AKS workload identity",
            "disable_remount": false,
            "id": "kubernetes",
            "identity_token_key": null,
            "local": false,
            "namespace": null,
            "path": "kubernetes",
            "tune": [],
            "type": "kubernetes"
          },
          "sensitive_attributes": [],
          "private": "eyJzY2hlbWFfdmVyc2lvbiI6IjEifQ==",
          "dependencies": [
            "null_resource.vault_dev_server",
            "null_resource.vault_health_check",
            "time_sleep.vault_bind_wait"
          ]
        }
      ]
    },
    {
      "mode": "managed",
      "type": "vault_kubernetes_auth_backend_config",
      "name": "minikube",
      "provider": "provider[\"registry.terraform.io/hashicorp/vault\"]",
      "instances": [
        {
          "schema_version": 0,
          "attributes": {
            "backend": "kubernetes",
            "disable_iss_validation": true,
            "disable_local_ca_jwt": false,
            "id": "auth/kubernetes/config",
            "issuer": "",
            "kubernetes_ca_cert": "-----BEGIN CERTIFICATE-----\nMIIDBjCCAe6gAwIBAgIBATANBgkqhkiG9w0BAQsFADAVMRMwEQYDVQQDEwptaW5p\na3ViZUNBMB4XDTI1MDkxMjExMDU0NFoXDTM1MDkxMTExMDU0NFowFTETMBEGA1UE\nAxMKbWluaWt1YmVDQTCCASIwDQYJKoZIhvcNAQEBBQADggEPADCCAQoCggEBAMc6\n3tYjE8Hmo9Q6nNjrHSl3tCNQ7JKyRArlx7ivxB78l9HFKVY8x0Rmno/n6oQkRD6o\n/Id6CcdMM7ejS/Wmfcr4Sc66sD37sBbhxn7o+CHPneBsMgXc1KpTP/oBosOynW6W\nvXgiP8YM9aF/dsvZ3Nr+Qvj/ktMEmWc7j61CwSjhckjSu4xccfaIBlz2aDCsR42r\na/gVIy7DsgeVzjFpMxl6Zo5qhDSA7D0yEu7rR4ztmf25K9mfi1qhsspYBd/dMlMj\n8te5gn70CPoTaSI3T3cqcP6X1kJEojkCA5k+94BLJ8y/Ay3eIvArvan6yYteaD0A\nSAY4UiA+XJii/kro3uUCAwEAAaNhMF8wDgYDVR0PAQH/BAQDAgKkMB0GA1UdJQQW\nMBQGCCsGAQUFBwMCBggrBgEFBQcDATAPBgNVHRMBAf8EBTADAQH/MB0GA1UdDgQW\nBBTxCRFkSCn4xRG91ACixswxsJb/LjANBgkqhkiG9w0BAQsFAAOCAQEAfKBT6GkI\nL41KQPbnlomh7AWHRxa4Wtjq4xxRchmiRNRJWvaoIBAoVz1svY4Stq1Oh0Mb+GXY\nXwmq1EUGm5+28GRaU+YcVTJKbFVob3hCsQZVhH+IjJTd+NSTTGnGkVsE5r7r/LDn\ncGeiMMqiRgL8sabY7UuLlioRDuiY3dG56Hs9/PVhpkkRLevBn1iBJh07dPgkZkte\nMErOjLDLAFUxwe6r1pk9w7PpxocZ550PwDywovcuqt0FDsIv9/PXhxSPfX/X8CXr\nliBTzR8yaTkJTBi9UM6NyKrWnXFAGYjFym6xOyEJqUZedq2CvvUh7IE/Rrvv2vNG\nAA08pmrjoibcnA==\n-----END CERTIFICATE-----\n",
            "kubernetes_host": "https://192.168.49.2:8443",
            "namespace": null,
            "pem_keys": [],
            "token_reviewer_jwt": "eyJhbGciOiJSUzI1NiIsImtpZCI6ImZPUDV4YTNOcDVzb2RmMXZ5bGFmamFfcElqaXQ2anlRODFtZ1cycGdRNEkifQ.eyJpc3MiOiJrdWJlcm5ldGVzL3NlcnZpY2VhY2NvdW50Iiwia3ViZXJuZXRlcy5pby9zZXJ2aWNlYWNjb3VudC9uYW1lc3BhY2UiOiJrdWJlLXN5c3RlbSIsImt1YmVybmV0ZXMuaW8vc2VydmljZWFjY291bnQvc2VjcmV0Lm5hbWUiOiJ2YXVsdC1yZXZpZXdlci10b2tlbiIsImt1YmVybmV0ZXMuaW8vc2VydmljZWFjY291bnQvc2VydmljZS1hY2NvdW50Lm5hbWUiOiJ2YXVsdC1yZXZpZXdlciIsImt1YmVybmV0ZXMuaW8vc2VydmljZWFjY291bnQvc2VydmljZS1hY2NvdW50LnVpZCI6IjQ1OTVhNzU4LTM3MTAtNDdjYS05NjQwLTFiMTY1ZTY5MDI5ZCIsInN1YiI6InN5c3RlbTpzZXJ2aWNlYWNjb3VudDprdWJlLXN5c3RlbTp2YXVsdC1yZXZpZXdlciJ9.cEfhZhOAfSmGvKQwqPVPz4LFZMRKgxuat7myCgssNv0O6ymHXjIpwzKX9o0Rpby8HoDEL2OtYHO9yae--NFZ8PGeuP-LJcetRGhgzbHZKQVD6GlVWQJV5Sw0rn03UeTwKKOAKGUxMtapszUYfs3YKa67xvN0M0FWq9G5TlUndEMh0mxdFWAp4F0_MZ_r7McOpiaBtO8xFA2s1PZHVKPDJ_gsp7_HjBW8HpFWGBstAVCWduPpAxcr5iEnFin0SNbyp7ApEGyDtJGnhC421DNZ60Fc_ea1FGKcwP9mxFp3ED3qVpoWV3uR8o_YBbCYYNPGTdE_ymlCf_PeSbpntnrCSQ",
            "use_annotations_as_alias_metadata": false
          },
          "sensitive_attributes": [],
          "private": "bnVsbA==",
          "dependencies": [
            "data.external.k8s_vault_config",
            "null_resource.k8s_vault_reviewer",
            "null_resource.vault_health_check",
            "vault_auth_backend.kubernetes"
          ]
        }
      ]
    },
    {
      "mode": "managed",
      "type": "vault_kubernetes_auth_backend_role",
      "name": "azure_services",
      "provider": "provider[\"registry.terraform.io/hashicorp/vault\"]",
      "instances": [
        {
          "schema_version": 0,
          "attributes": {
            "alias_name_source": "serviceaccount_uid",
            "audience": null,
            "backend": "kubernetes",
            "bound_service_account_names": [
              "*"
            ],
            "bound_service_account_namespaces": [
              "azure-storage",
              "blob-explorer",
              "taskapp"
            ],
            "id": "auth/kubernetes/role/azure-services",
            "namespace": null,
            "role_name": "azure-services",
            "token_bound_cidrs": [],
            "token_explicit_max_ttl": 0,
            "token_max_ttl": 7200,
            "token_no_default_policy": false,
            "token_num_uses": 0,
            "token_period": 0,
            "token_policies": [
              "azure-services"
            ],
            "token_ttl": 3600,
            "token_type": "default"
          },
          "sensitive_attributes": [],
          "private": "bnVsbA==",
          "dependencies": [
            "null_resource.vault_dev_server",
            "null_resource.vault_health_check",
            "time_sleep.vault_bind_wait",
            "vault_auth_backend.kubernetes",
            "vault_policy.azure_services"
          ]
        }
      ]
    },
    {
      "mode": "managed",
      "type": "vault_kv_secret_v2",
      "name": "azure_services_placeholder",
      "provider": "provider[\"registry.terraform.io/hashicorp/vault\"]",
      "instances": [
        {
          "schema_version": 0,
          "attributes": {
            "cas": null,
            "custom_metadata": [
              {
                "cas_required": false,
                "data": {},
                "delete_version_after": 0,
                "max_versions": 0
              }
            ],
            "data": {
              "_description": "Seed entry — replace with real secrets or add siblings alongside",
              "_examples": "storage-connection-string, sql-password, servicebus-primary-key"
            },
            "data_json": "{\"_description\":\"Seed entry — replace with real secrets or add siblings alongside\",\"_examples\":\"storage-connection-string, sql-password, servicebus-primary-key\"}",
            "delete_all_versions": false,
            "disable_read": false,
            "id": "kv/data/azure-services/placeholder",
            "metadata": {
              "created_time": "2026-05-15T16:04:55.413587Z",
              "custom_metadata": "null",
              "deletion_time": "",
              "destroyed": "false",
              "version": "1"
            },
            "mount": "kv",
            "name": "azure-services/placeholder",
            "namespace": null,
            "options": null,
            "path": "kv/data/azure-services/placeholder"
          },
          "sensitive_attributes": [],
          "private": "bnVsbA==",
          "dependencies": [
            "null_resource.vault_dev_server",
            "null_resource.vault_health_check",
            "time_sleep.vault_bind_wait",
            "vault_mount.kv_v2"
          ]
        }
      ]
    },
    {
      "mode": "managed",
      "type": "vault_mount",
      "name": "kv_v2",
      "provider": "provider[\"registry.terraform.io/hashicorp/vault\"]",
      "instances": [
        {
          "schema_version": 0,
          "attributes": {
            "accessor": "kv_05677690",
            "allowed_managed_keys": [],
            "allowed_response_headers": [],
            "audit_non_hmac_request_keys": [],
            "audit_non_hmac_response_keys": [],
            "default_lease_ttl_seconds": 0,
            "delegated_auth_accessors": null,
            "description": "KV v2 versioned secrets — equivalent to Azure Key Vault secrets storage",
            "external_entropy_access": false,
            "id": "kv",
            "identity_token_key": "",
            "listing_visibility": "",
            "local": false,
            "max_lease_ttl_seconds": 0,
            "namespace": null,
            "options": {
              "version": "2"
            },
            "passthrough_request_headers": [],
            "path": "kv",
            "plugin_version": null,
            "seal_wrap": false,
            "type": "kv"
          },
          "sensitive_attributes": [],
          "private": "bnVsbA==",
          "dependencies": [
            "null_resource.vault_dev_server",
            "null_resource.vault_health_check",
            "time_sleep.vault_bind_wait"
          ]
        }
      ]
    },
    {
      "mode": "managed",
      "type": "vault_policy",
      "name": "azure_services",
      "provider": "provider[\"registry.terraform.io/hashicorp/vault\"]",
      "instances": [
        {
          "schema_version": 0,
          "attributes": {
            "id": "azure-services",
            "name": "azure-services",
            "namespace": null,
            "policy": "# Read secret values — mirrors Key Vault access policy: Secret Get\npath \"kv/data/azure-services/*\" {\n  capabilities = [\"read\"]\n}\n\n# List available secret names without exposing their values\n# mirrors Key Vault access policy: Secret List\npath \"kv/metadata/azure-services/*\" {\n  capabilities = [\"list\"]\n}\n"
          },
          "sensitive_attributes": [],
          "private": "bnVsbA==",
          "dependencies": [
            "null_resource.vault_dev_server",
            "null_resource.vault_health_check",
            "time_sleep.vault_bind_wait"
          ]
        }
      ]
    }
  ],
  "check_results": null
}
